
Microsoft Visual Studio Solution File, Format Version 12.00
# Visual Studio Version 17
VisualStudioVersion = 17.1.32210.238
MinimumVisualStudioVersion = 10.0.40219.1
Project("{FAE04EC0-301F-11D3-BF4B-00C04F79EFBC}") = "UplataProjekatBack", "UplataProjekatBack\UplataProjekatBack.csproj", "{56AA0900-0F26-401D-8B89-9A5A373D48E5}"
EndProject
Global
	GlobalSection(SolutionConfigurationPlatforms) = preSolution
		Debug|Any CPU = Debug|Any CPU
		Release|Any CPU = Release|Any CPU
	EndGlobalSection
	GlobalSection(ProjectConfigurationPlatforms) = postSolution
		{56AA0900-0F26-401D-8B89-9A5A373D48E5}.Debug|Any CPU.ActiveCfg = Debug|Any CPU
		{56AA0900-0F26-401D-8B89-9A5A373D48E5}.Debug|Any CPU.Build.0 = Debug|Any CPU
		{56AA0900-0F26-401D-8B89-9A5A373D48E5}.Release|Any CPU.ActiveCfg = Release|Any CPU
		{56AA0900-0F26-401D-8B89-9A5A373D48E5}.Release|Any CPU.Build.0 = Release|Any CPU
	EndGlobalSection
	GlobalSection(SolutionProperties) = preSolution
		HideSolutionNode = FALSE
	EndGlobalSection
	GlobalSection(ExtensibilityGlobals) = postSolution
		SolutionGuid = {0A282927-455E-4C24-8156-D3CF08F2B935}
	EndGlobalSection
EndGlobal
