
Microsoft Visual Studio Solution File, Format Version 12.00
# Visual Studio Version 17
VisualStudioVersion = 17.1.32210.238
MinimumVisualStudioVersion = 10.0.40219.1
Project("{FAE04EC0-301F-11D3-BF4B-00C04F79EFBC}") = "ProjekatNovi", "ProjekatNovi\ProjekatNovi.csproj", "{CC138EF6-F0CC-4252-8527-CA000C188911}"
EndProject
Global
	GlobalSection(SolutionConfigurationPlatforms) = preSolution
		Debug|Any CPU = Debug|Any CPU
		Release|Any CPU = Release|Any CPU
	EndGlobalSection
	GlobalSection(ProjectConfigurationPlatforms) = postSolution
		{CC138EF6-F0CC-4252-8527-CA000C188911}.Debug|Any CPU.ActiveCfg = Debug|Any CPU
		{CC138EF6-F0CC-4252-8527-CA000C188911}.Debug|Any CPU.Build.0 = Debug|Any CPU
		{CC138EF6-F0CC-4252-8527-CA000C188911}.Release|Any CPU.ActiveCfg = Release|Any CPU
		{CC138EF6-F0CC-4252-8527-CA000C188911}.Release|Any CPU.Build.0 = Release|Any CPU
	EndGlobalSection
	GlobalSection(SolutionProperties) = preSolution
		HideSolutionNode = FALSE
	EndGlobalSection
	GlobalSection(ExtensibilityGlobals) = postSolution
		SolutionGuid = {B1F7D324-14C3-4AC4-A707-BCC6B1D2155B}
	EndGlobalSection
EndGlobal
