
Microsoft Visual Studio Solution File, Format Version 12.00
# Visual Studio Version 17
VisualStudioVersion = 17.0.31912.275
MinimumVisualStudioVersion = 10.0.40219.1
Project("{FAE04EC0-301F-11D3-BF4B-00C04F79EFBC}") = "BackApi", "BackApi\BackApi.csproj", "{1B1E72A0-04B2-4F98-A324-D9772393B028}"
EndProject
Global
	GlobalSection(SolutionConfigurationPlatforms) = preSolution
		Debug|Any CPU = Debug|Any CPU
		Release|Any CPU = Release|Any CPU
	EndGlobalSection
	GlobalSection(ProjectConfigurationPlatforms) = postSolution
		{1B1E72A0-04B2-4F98-A324-D9772393B028}.Debug|Any CPU.ActiveCfg = Debug|Any CPU
		{1B1E72A0-04B2-4F98-A324-D9772393B028}.Debug|Any CPU.Build.0 = Debug|Any CPU
		{1B1E72A0-04B2-4F98-A324-D9772393B028}.Release|Any CPU.ActiveCfg = Release|Any CPU
		{1B1E72A0-04B2-4F98-A324-D9772393B028}.Release|Any CPU.Build.0 = Release|Any CPU
	EndGlobalSection
	GlobalSection(SolutionProperties) = preSolution
		HideSolutionNode = FALSE
	EndGlobalSection
	GlobalSection(ExtensibilityGlobals) = postSolution
		SolutionGuid = {97C95BEC-6CED-41E5-9B79-E8C89EE08ACF}
	EndGlobalSection
EndGlobal
